// !$*UTF8*$!
{
	archiveVersion = 1;
	classes = {
	};
	objectVersion = 48;
	objects = {

/* Begin PBXBuildFile section */
		3F6B423C0AA2877175DBC53A /* libPods-SimpleCameraApp.a in Frameworks */ = {isa = PBXBuildFile; fileRef = 454A6F2A16B2A60C3704D1C9 /* libPods-SimpleCameraApp.a */; };
		ED1EC6F5216E67B800844010 /* AppDelegate.m in Sources */ = {isa = PBXBuildFile; fileRef = ED1EC6F4216E67B800844010 /* AppDelegate.m */; };
		ED1EC6F8216E67B800844010 /* ViewController.m in Sources */ = {isa = PBXBuildFile; fileRef = ED1EC6F7216E67B800844010 /* ViewController.m */; };
		ED1EC6FB216E67B800844010 /* Main.storyboard in Resources */ = {isa = PBXBuildFile; fileRef = ED1EC6F9216E67B800844010 /* Main.storyboard */; };
		ED1EC6FD216E67B800844010 /* Assets.xcassets in Resources */ = {isa = PBXBuildFile; fileRef = ED1EC6FC216E67B800844010 /* Assets.xcassets */; };
		ED1EC700216E67B800844010 /* LaunchScreen.storyboard in Resources */ = {isa = PBXBuildFile; fileRef = ED1EC6FE216E67B800844010 /* LaunchScreen.storyboard */; };
		ED1EC703216E67B800844010 /* main.m in Sources */ = {isa = PBXBuildFile; fileRef = ED1EC702216E67B800844010 /* main.m */; };
		ED1EC711216E6AFC00844010 /* UIImage+FixOrientation.m in Sources */ = {isa = PBXBuildFile; fileRef = ED1EC70B216E6AFB00844010 /* UIImage+FixOrientation.m */; };
		ED1EC712216E6AFC00844010 /* LLSimpleCamera+Helper.m in Sources */ = {isa = PBXBuildFile; fileRef = ED1EC70D216E6AFC00844010 /* LLSimpleCamera+Helper.m */; };
		ED1EC713216E6AFC00844010 /* LLSimpleCamera.m in Sources */ = {isa = PBXBuildFile; fileRef = ED1EC710216E6AFC00844010 /* LLSimpleCamera.m */; };
		ED1EC71A216E6B0B00844010 /* UIImage+Resize.m in Sources */ = {isa = PBXBuildFile; fileRef = ED1EC714216E6B0B00844010 /* UIImage+Resize.m */; };
		ED1EC71B216E6B0B00844010 /* UIImage+Crop.m in Sources */ = {isa = PBXBuildFile; fileRef = ED1EC716216E6B0B00844010 /* UIImage+Crop.m */; };
		ED1EC71C216E6B0B00844010 /* ViewUtils.m in Sources */ = {isa = PBXBuildFile; fileRef = ED1EC718216E6B0B00844010 /* ViewUtils.m */; };
		ED1EC71F216E70EF00844010 /* ImageViewController.m in Sources */ = {isa = PBXBuildFile; fileRef = ED1EC71D216E70EF00844010 /* ImageViewController.m */; };
		ED1F34372178E21000838515 /* UIViewController+customFunction.m in Sources */ = {isa = PBXBuildFile; fileRef = ED1F34342178E20D00838515 /* UIViewController+customFunction.m */; };
		ED1F343C2178E25000838515 /* MBProgressHUD.m in Sources */ = {isa = PBXBuildFile; fileRef = ED1F343B2178E25000838515 /* MBProgressHUD.m */; };
		ED1F343F2178E26100838515 /* TPKeyboardAvoidingScrollView.m in Sources */ = {isa = PBXBuildFile; fileRef = ED1F343E2178E26100838515 /* TPKeyboardAvoidingScrollView.m */; };
		ED1F34492178E39A00838515 /* LoginViewController.m in Sources */ = {isa = PBXBuildFile; fileRef = ED1F34482178E39A00838515 /* LoginViewController.m */; };
		ED1F344C2178E3AE00838515 /* SignUpViewController.m in Sources */ = {isa = PBXBuildFile; fileRef = ED1F344B2178E3AE00838515 /* SignUpViewController.m */; };
		EDE372EE2178FB13008469A6 /* HomeVC.m in Sources */ = {isa = PBXBuildFile; fileRef = EDE372ED2178FB13008469A6 /* HomeVC.m */; };
/* End PBXBuildFile section */

/* Begin PBXFileReference section */
		0044C9916666FBAD50B41FAD /* Pods-SimpleCameraApp.debug.xcconfig */ = {isa = PBXFileReference; includeInIndex = 1; lastKnownFileType = text.xcconfig; name = "Pods-SimpleCameraApp.debug.xcconfig"; path = "Pods/Target Support Files/Pods-SimpleCameraApp/Pods-SimpleCameraApp.debug.xcconfig"; sourceTree = "<group>"; };
		454A6F2A16B2A60C3704D1C9 /* libPods-SimpleCameraApp.a */ = {isa = PBXFileReference; explicitFileType = archive.ar; includeInIndex = 0; path = "libPods-SimpleCameraApp.a"; sourceTree = BUILT_PRODUCTS_DIR; };
		C650E6BB2BFD5710D160CA8A /* Pods-SimpleCameraApp.release.xcconfig */ = {isa = PBXFileReference; includeInIndex = 1; lastKnownFileType = text.xcconfig; name = "Pods-SimpleCameraApp.release.xcconfig"; path = "Pods/Target Support Files/Pods-SimpleCameraApp/Pods-SimpleCameraApp.release.xcconfig"; sourceTree = "<group>"; };
		ED1EC6F0216E67B800844010 /* SimpleCameraApp.app */ = {isa = PBXFileReference; explicitFileType = wrapper.application; includeInIndex = 0; path = SimpleCameraApp.app; sourceTree = BUILT_PRODUCTS_DIR; };
		ED1EC6F3216E67B800844010 /* AppDelegate.h */ = {isa = PBXFileReference; lastKnownFileType = sourcecode.c.h; path = AppDelegate.h; sourceTree = "<group>"; };
		ED1EC6F4216E67B800844010 /* AppDelegate.m */ = {isa = PBXFileReference; lastKnownFileType = sourcecode.c.objc; path = AppDelegate.m; sourceTree = "<group>"; };
		ED1EC6F6216E67B800844010 /* ViewController.h */ = {isa = PBXFileReference; lastKnownFileType = sourcecode.c.h; path = ViewController.h; sourceTree = "<group>"; };
		ED1EC6F7216E67B800844010 /* ViewController.m */ = {isa = PBXFileReference; lastKnownFileType = sourcecode.c.objc; path = ViewController.m; sourceTree = "<group>"; };
		ED1EC6FA216E67B800844010 /* Base */ = {isa = PBXFileReference; lastKnownFileType = file.storyboard; name = Base; path = Base.lproj/Main.storyboard; sourceTree = "<group>"; };
		ED1EC6FC216E67B800844010 /* Assets.xcassets */ = {isa = PBXFileReference; lastKnownFileType = folder.assetcatalog; path = Assets.xcassets; sourceTree = "<group>"; };
		ED1EC6FF216E67B800844010 /* Base */ = {isa = PBXFileReference; lastKnownFileType = file.storyboard; name = Base; path = Base.lproj/LaunchScreen.storyboard; sourceTree = "<group>"; };
		ED1EC701216E67B800844010 /* Info.plist */ = {isa = PBXFileReference; lastKnownFileType = text.plist.xml; path = Info.plist; sourceTree = "<group>"; };
		ED1EC702216E67B800844010 /* main.m */ = {isa = PBXFileReference; lastKnownFileType = sourcecode.c.objc; path = main.m; sourceTree = "<group>"; };
		ED1EC70B216E6AFB00844010 /* UIImage+FixOrientation.m */ = {isa = PBXFileReference; fileEncoding = 4; lastKnownFileType = sourcecode.c.objc; path = "UIImage+FixOrientation.m"; sourceTree = "<group>"; };
		ED1EC70C216E6AFB00844010 /* LLSimpleCamera.h */ = {isa = PBXFileReference; fileEncoding = 4; lastKnownFileType = sourcecode.c.h; path = LLSimpleCamera.h; sourceTree = "<group>"; };
		ED1EC70D216E6AFC00844010 /* LLSimpleCamera+Helper.m */ = {isa = PBXFileReference; fileEncoding = 4; lastKnownFileType = sourcecode.c.objc; path = "LLSimpleCamera+Helper.m"; sourceTree = "<group>"; };
		ED1EC70E216E6AFC00844010 /* UIImage+FixOrientation.h */ = {isa = PBXFileReference; fileEncoding = 4; lastKnownFileType = sourcecode.c.h; path = "UIImage+FixOrientation.h"; sourceTree = "<group>"; };
		ED1EC70F216E6AFC00844010 /* LLSimpleCamera+Helper.h */ = {isa = PBXFileReference; fileEncoding = 4; lastKnownFileType = sourcecode.c.h; path = "LLSimpleCamera+Helper.h"; sourceTree = "<group>"; };
		ED1EC710216E6AFC00844010 /* LLSimpleCamera.m */ = {isa = PBXFileReference; fileEncoding = 4; lastKnownFileType = sourcecode.c.objc; path = LLSimpleCamera.m; sourceTree = "<group>"; };
		ED1EC714216E6B0B00844010 /* UIImage+Resize.m */ = {isa = PBXFileReference; fileEncoding = 4; lastKnownFileType = sourcecode.c.objc; path = "UIImage+Resize.m"; sourceTree = "<group>"; };
		ED1EC715216E6B0B00844010 /* UIImage+Resize.h */ = {isa = PBXFileReference; fileEncoding = 4; lastKnownFileType = sourcecode.c.h; path = "UIImage+Resize.h"; sourceTree = "<group>"; };
		ED1EC716216E6B0B00844010 /* UIImage+Crop.m */ = {isa = PBXFileReference; fileEncoding = 4; lastKnownFileType = sourcecode.c.objc; path = "UIImage+Crop.m"; sourceTree = "<group>"; };
		ED1EC717216E6B0B00844010 /* UIImage+Crop.h */ = {isa = PBXFileReference; fileEncoding = 4; lastKnownFileType = sourcecode.c.h; path = "UIImage+Crop.h"; sourceTree = "<group>"; };
		ED1EC718216E6B0B00844010 /* ViewUtils.m */ = {isa = PBXFileReference; fileEncoding = 4; lastKnownFileType = sourcecode.c.objc; path = ViewUtils.m; sourceTree = "<group>"; };
		ED1EC719216E6B0B00844010 /* ViewUtils.h */ = {isa = PBXFileReference; fileEncoding = 4; lastKnownFileType = sourcecode.c.h; path = ViewUtils.h; sourceTree = "<group>"; };
		ED1EC71D216E70EF00844010 /* ImageViewController.m */ = {isa = PBXFileReference; fileEncoding = 4; lastKnownFileType = sourcecode.c.objc; path = ImageViewController.m; sourceTree = "<group>"; };
		ED1EC71E216E70EF00844010 /* ImageViewController.h */ = {isa = PBXFileReference; fileEncoding = 4; lastKnownFileType = sourcecode.c.h; path = ImageViewController.h; sourceTree = "<group>"; };
		ED1F34342178E20D00838515 /* UIViewController+customFunction.m */ = {isa = PBXFileReference; fileEncoding = 4; lastKnownFileType = sourcecode.c.objc; path = "UIViewController+customFunction.m"; sourceTree = "<group>"; };
		ED1F34352178E20E00838515 /* GlobalValue.h */ = {isa = PBXFileReference; fileEncoding = 4; lastKnownFileType = sourcecode.c.h; path = GlobalValue.h; sourceTree = "<group>"; };
		ED1F34362178E20F00838515 /* UIViewController+customFunction.h */ = {isa = PBXFileReference; fileEncoding = 4; lastKnownFileType = sourcecode.c.h; path = "UIViewController+customFunction.h"; sourceTree = "<group>"; };
		ED1F343A2178E24F00838515 /* MBProgressHUD.h */ = {isa = PBXFileReference; fileEncoding = 4; lastKnownFileType = sourcecode.c.h; path = MBProgressHUD.h; sourceTree = "<group>"; };
		ED1F343B2178E25000838515 /* MBProgressHUD.m */ = {isa = PBXFileReference; fileEncoding = 4; lastKnownFileType = sourcecode.c.objc; path = MBProgressHUD.m; sourceTree = "<group>"; };
		ED1F343D2178E26000838515 /* TPKeyboardAvoidingScrollView.h */ = {isa = PBXFileReference; fileEncoding = 4; lastKnownFileType = sourcecode.c.h; path = TPKeyboardAvoidingScrollView.h; sourceTree = "<group>"; };
		ED1F343E2178E26100838515 /* TPKeyboardAvoidingScrollView.m */ = {isa = PBXFileReference; fileEncoding = 4; lastKnownFileType = sourcecode.c.objc; path = TPKeyboardAvoidingScrollView.m; sourceTree = "<group>"; };
		ED1F34472178E39A00838515 /* LoginViewController.h */ = {isa = PBXFileReference; lastKnownFileType = sourcecode.c.h; path = LoginViewController.h; sourceTree = "<group>"; };
		ED1F34482178E39A00838515 /* LoginViewController.m */ = {isa = PBXFileReference; lastKnownFileType = sourcecode.c.objc; path = LoginViewController.m; sourceTree = "<group>"; };
		ED1F344A2178E3AE00838515 /* SignUpViewController.h */ = {isa = PBXFileReference; lastKnownFileType = sourcecode.c.h; path = SignUpViewController.h; sourceTree = "<group>"; };
		ED1F344B2178E3AE00838515 /* SignUpViewController.m */ = {isa = PBXFileReference; lastKnownFileType = sourcecode.c.objc; path = SignUpViewController.m; sourceTree = "<group>"; };
		EDE372EC2178FB13008469A6 /* HomeVC.h */ = {isa = PBXFileReference; lastKnownFileType = sourcecode.c.h; path = HomeVC.h; sourceTree = "<group>"; };
		EDE372ED2178FB13008469A6 /* HomeVC.m */ = {isa = PBXFileReference; lastKnownFileType = sourcecode.c.objc; path = HomeVC.m; sourceTree = "<group>"; };
/* End PBXFileReference section */

/* Begin PBXFrameworksBuildPhase section */
		ED1EC6ED216E67B800844010 /* Frameworks */ = {
			isa = PBXFrameworksBuildPhase;
			buildActionMask = 2147483647;
			files = (
				3F6B423C0AA2877175DBC53A /* libPods-SimpleCameraApp.a in Frameworks */,
			);
			runOnlyForDeploymentPostprocessing = 0;
		};
/* End PBXFrameworksBuildPhase section */

/* Begin PBXGroup section */
		A0FAABDAF9B1CB8A253E409B /* Pods */ = {
			isa = PBXGroup;
			children = (
				0044C9916666FBAD50B41FAD /* Pods-SimpleCameraApp.debug.xcconfig */,
				C650E6BB2BFD5710D160CA8A /* Pods-SimpleCameraApp.release.xcconfig */,
			);
			name = Pods;
			sourceTree = "<group>";
		};
		B9D1B4D6F78DC894D2C359D9 /* Frameworks */ = {
			isa = PBXGroup;
			children = (
				454A6F2A16B2A60C3704D1C9 /* libPods-SimpleCameraApp.a */,
			);
			name = Frameworks;
			sourceTree = "<group>";
		};
		ED1EC6E7216E67B700844010 = {
			isa = PBXGroup;
			children = (
				ED1EC6F2216E67B800844010 /* SimpleCameraApp */,
				ED1EC6F1216E67B800844010 /* Products */,
				A0FAABDAF9B1CB8A253E409B /* Pods */,
				B9D1B4D6F78DC894D2C359D9 /* Frameworks */,
			);
			sourceTree = "<group>";
		};
		ED1EC6F1216E67B800844010 /* Products */ = {
			isa = PBXGroup;
			children = (
				ED1EC6F0216E67B800844010 /* SimpleCameraApp.app */,
			);
			name = Products;
			sourceTree = "<group>";
		};
		ED1EC6F2216E67B800844010 /* SimpleCameraApp */ = {
			isa = PBXGroup;
			children = (
				ED1F34402178E34700838515 /* AppClasses */,
				ED1F34332178E04C00838515 /* ThirdPartyTools */,
				ED1EC709216E6AB300844010 /* Utitility */,
				ED1EC6F9216E67B800844010 /* Main.storyboard */,
				ED1EC6FC216E67B800844010 /* Assets.xcassets */,
				ED1EC6FE216E67B800844010 /* LaunchScreen.storyboard */,
				ED1EC701216E67B800844010 /* Info.plist */,
				ED1EC702216E67B800844010 /* main.m */,
			);
			path = SimpleCameraApp;
			sourceTree = "<group>";
		};
		ED1EC709216E6AB300844010 /* Utitility */ = {
			isa = PBXGroup;
			children = (
				ED1F34352178E20E00838515 /* GlobalValue.h */,
				ED1F34362178E20F00838515 /* UIViewController+customFunction.h */,
				ED1F34342178E20D00838515 /* UIViewController+customFunction.m */,
				ED1EC717216E6B0B00844010 /* UIImage+Crop.h */,
				ED1EC716216E6B0B00844010 /* UIImage+Crop.m */,
				ED1EC715216E6B0B00844010 /* UIImage+Resize.h */,
				ED1EC714216E6B0B00844010 /* UIImage+Resize.m */,
				ED1EC719216E6B0B00844010 /* ViewUtils.h */,
				ED1EC718216E6B0B00844010 /* ViewUtils.m */,
			);
			path = Utitility;
			sourceTree = "<group>";
		};
		ED1EC70A216E6ABC00844010 /* CameraClasses */ = {
			isa = PBXGroup;
			children = (
				ED1EC70C216E6AFB00844010 /* LLSimpleCamera.h */,
				ED1EC710216E6AFC00844010 /* LLSimpleCamera.m */,
				ED1EC70F216E6AFC00844010 /* LLSimpleCamera+Helper.h */,
				ED1EC70D216E6AFC00844010 /* LLSimpleCamera+Helper.m */,
				ED1EC70E216E6AFC00844010 /* UIImage+FixOrientation.h */,
				ED1EC70B216E6AFB00844010 /* UIImage+FixOrientation.m */,
			);
			path = CameraClasses;
			sourceTree = "<group>";
		};
		ED1F34332178E04C00838515 /* ThirdPartyTools */ = {
			isa = PBXGroup;
			children = (
				ED1F34382178E23800838515 /* HUD */,
				ED1F34392178E23800838515 /* TPKeyBoard */,
			);
			path = ThirdPartyTools;
			sourceTree = "<group>";
		};
		ED1F34382178E23800838515 /* HUD */ = {
			isa = PBXGroup;
			children = (
				ED1F343A2178E24F00838515 /* MBProgressHUD.h */,
				ED1F343B2178E25000838515 /* MBProgressHUD.m */,
			);
			path = HUD;
			sourceTree = "<group>";
		};
		ED1F34392178E23800838515 /* TPKeyBoard */ = {
			isa = PBXGroup;
			children = (
				ED1F343D2178E26000838515 /* TPKeyboardAvoidingScrollView.h */,
				ED1F343E2178E26100838515 /* TPKeyboardAvoidingScrollView.m */,
			);
			path = TPKeyBoard;
			sourceTree = "<group>";
		};
		ED1F34402178E34700838515 /* AppClasses */ = {
			isa = PBXGroup;
			children = (
				ED1F34412178E34700838515 /* AppDelegate */,
				ED1F34422178E34700838515 /* ViewControlles */,
			);
			path = AppClasses;
			sourceTree = "<group>";
		};
		ED1F34412178E34700838515 /* AppDelegate */ = {
			isa = PBXGroup;
			children = (
				ED1EC6F3216E67B800844010 /* AppDelegate.h */,
				ED1EC6F4216E67B800844010 /* AppDelegate.m */,
			);
			path = AppDelegate;
			sourceTree = "<group>";
		};
		ED1F34422178E34700838515 /* ViewControlles */ = {
			isa = PBXGroup;
			children = (
				EDE372EB2178FACE008469A6 /* HomeScreenVC */,
				ED1F34432178E34700838515 /* CameraVC */,
				ED1F34442178E34700838515 /* ImageVC */,
				ED1F34452178E34700838515 /* LoginVc */,
				ED1F34462178E34700838515 /* SignUpVC */,
			);
			path = ViewControlles;
			sourceTree = "<group>";
		};
		ED1F34432178E34700838515 /* CameraVC */ = {
			isa = PBXGroup;
			children = (
				ED1EC70A216E6ABC00844010 /* CameraClasses */,
				ED1EC6F6216E67B800844010 /* ViewController.h */,
				ED1EC6F7216E67B800844010 /* ViewController.m */,
			);
			path = CameraVC;
			sourceTree = "<group>";
		};
		ED1F34442178E34700838515 /* ImageVC */ = {
			isa = PBXGroup;
			children = (
				ED1EC71E216E70EF00844010 /* ImageViewController.h */,
				ED1EC71D216E70EF00844010 /* ImageViewController.m */,
			);
			path = ImageVC;
			sourceTree = "<group>";
		};
		ED1F34452178E34700838515 /* LoginVc */ = {
			isa = PBXGroup;
			children = (
				ED1F34472178E39A00838515 /* LoginViewController.h */,
				ED1F34482178E39A00838515 /* LoginViewController.m */,
			);
			path = LoginVc;
			sourceTree = "<group>";
		};
		ED1F34462178E34700838515 /* SignUpVC */ = {
			isa = PBXGroup;
			children = (
				ED1F344A2178E3AE00838515 /* SignUpViewController.h */,
				ED1F344B2178E3AE00838515 /* SignUpViewController.m */,
			);
			path = SignUpVC;
			sourceTree = "<group>";
		};
		EDE372EB2178FACE008469A6 /* HomeScreenVC */ = {
			isa = PBXGroup;
			children = (
				EDE372EC2178FB13008469A6 /* HomeVC.h */,
				EDE372ED2178FB13008469A6 /* HomeVC.m */,
			);
			path = HomeScreenVC;
			sourceTree = "<group>";
		};
/* End PBXGroup section */

/* Begin PBXNativeTarget section */
		ED1EC6EF216E67B800844010 /* SimpleCameraApp */ = {
			isa = PBXNativeTarget;
			buildConfigurationList = ED1EC706216E67B800844010 /* Build configuration list for PBXNativeTarget "SimpleCameraApp" */;
			buildPhases = (
				7B83B354BCAE13D91B530FE0 /* [CP] Check Pods Manifest.lock */,
				ED1EC6EC216E67B800844010 /* Sources */,
				ED1EC6ED216E67B800844010 /* Frameworks */,
				ED1EC6EE216E67B800844010 /* Resources */,
				F81A31C8FFA7B70DB7A13001 /* [CP] Copy Pods Resources */,
			);
			buildRules = (
			);
			dependencies = (
			);
			name = SimpleCameraApp;
			productName = SimpleCameraApp;
			productReference = ED1EC6F0216E67B800844010 /* SimpleCameraApp.app */;
			productType = "com.apple.product-type.application";
		};
/* End PBXNativeTarget section */

/* Begin PBXProject section */
		ED1EC6E8216E67B700844010 /* Project object */ = {
			isa = PBXProject;
			attributes = {
				LastUpgradeCheck = 0920;
				ORGANIZATIONNAME = viCky;
				TargetAttributes = {
					ED1EC6EF216E67B800844010 = {
						CreatedOnToolsVersion = 9.2;
						ProvisioningStyle = Manual;
					};
				};
			};
			buildConfigurationList = ED1EC6EB216E67B700844010 /* Build configuration list for PBXProject "SimpleCameraApp" */;
			compatibilityVersion = "Xcode 8.0";
			developmentRegion = en;
			hasScannedForEncodings = 0;
			knownRegions = (
				en,
				Base,
			);
			mainGroup = ED1EC6E7216E67B700844010;
			productRefGroup = ED1EC6F1216E67B800844010 /* Products */;
			projectDirPath = "";
			projectRoot = "";
			targets = (
				ED1EC6EF216E67B800844010 /* SimpleCameraApp */,
			);
		};
/* End PBXProject section */

/* Begin PBXResourcesBuildPhase section */
		ED1EC6EE216E67B800844010 /* Resources */ = {
			isa = PBXResourcesBuildPhase;
			buildActionMask = 2147483647;
			files = (
				ED1EC700216E67B800844010 /* LaunchScreen.storyboard in Resources */,
				ED1EC6FD216E67B800844010 /* Assets.xcassets in Resources */,
				ED1EC6FB216E67B800844010 /* Main.storyboard in Resources */,
			);
			runOnlyForDeploymentPostprocessing = 0;
		};
/* End PBXResourcesBuildPhase section */

/* Begin PBXShellScriptBuildPhase section */
		7B83B354BCAE13D91B530FE0 /* [CP] Check Pods Manifest.lock */ = {
			isa = PBXShellScriptBuildPhase;
			buildActionMask = 2147483647;
			files = (
			);
			inputPaths = (
				"${PODS_PODFILE_DIR_PATH}/Podfile.lock",
				"${PODS_ROOT}/Manifest.lock",
			);
			name = "[CP] Check Pods Manifest.lock";
			outputPaths = (
				"$(DERIVED_FILE_DIR)/Pods-SimpleCameraApp-checkManifestLockResult.txt",
			);
			runOnlyForDeploymentPostprocessing = 0;
			shellPath = /bin/sh;
			shellScript = "diff \"${PODS_PODFILE_DIR_PATH}/Podfile.lock\" \"${PODS_ROOT}/Manifest.lock\" > /dev/null\nif [ $? != 0 ] ; then\n    # print error to STDERR\n    echo \"error: The sandbox is not in sync with the Podfile.lock. Run 'pod install' or update your CocoaPods installation.\" >&2\n    exit 1\nfi\n# This output is used by Xcode 'outputs' to avoid re-running this script phase.\necho \"SUCCESS\" > \"${SCRIPT_OUTPUT_FILE_0}\"\n";
			showEnvVarsInLog = 0;
		};
		F81A31C8FFA7B70DB7A13001 /* [CP] Copy Pods Resources */ = {
			isa = PBXShellScriptBuildPhase;
			buildActionMask = 2147483647;
			files = (
			);
			inputPaths = (
				"${SRCROOT}/Pods/Target Support Files/Pods-SimpleCameraApp/Pods-SimpleCameraApp-resources.sh",
				"${PODS_CONFIGURATION_BUILD_DIR}/gRPC/gRPCCertificates.bundle",
			);
			name = "[CP] Copy Pods Resources";
			outputPaths = (
				"${TARGET_BUILD_DIR}/${UNLOCALIZED_RESOURCES_FOLDER_PATH}/gRPCCertificates.bundle",
			);
			runOnlyForDeploymentPostprocessing = 0;
			shellPath = /bin/sh;
			shellScript = "\"${SRCROOT}/Pods/Target Support Files/Pods-SimpleCameraApp/Pods-SimpleCameraApp-resources.sh\"\n";
			showEnvVarsInLog = 0;
		};
/* End PBXShellScriptBuildPhase section */

/* Begin PBXSourcesBuildPhase section */
		ED1EC6EC216E67B800844010 /* Sources */ = {
			isa = PBXSourcesBuildPhase;
			buildActionMask = 2147483647;
			files = (
				ED1F343F2178E26100838515 /* TPKeyboardAvoidingScrollView.m in Sources */,
				ED1EC71F216E70EF00844010 /* ImageViewController.m in Sources */,
				ED1EC71C216E6B0B00844010 /* ViewUtils.m in Sources */,
				ED1EC713216E6AFC00844010 /* LLSimpleCamera.m in Sources */,
				ED1F34492178E39A00838515 /* LoginViewController.m in Sources */,
				EDE372EE2178FB13008469A6 /* HomeVC.m in Sources */,
				ED1EC71B216E6B0B00844010 /* UIImage+Crop.m in Sources */,
				ED1EC712216E6AFC00844010 /* LLSimpleCamera+Helper.m in Sources */,
				ED1EC6F8216E67B800844010 /* ViewController.m in Sources */,
				ED1EC703216E67B800844010 /* main.m in Sources */,
				ED1F343C2178E25000838515 /* MBProgressHUD.m in Sources */,
				ED1EC711216E6AFC00844010 /* UIImage+FixOrientation.m in Sources */,
				ED1F344C2178E3AE00838515 /* SignUpViewController.m in Sources */,
				ED1EC6F5216E67B800844010 /* AppDelegate.m in Sources */,
				ED1EC71A216E6B0B00844010 /* UIImage+Resize.m in Sources */,
				ED1F34372178E21000838515 /* UIViewController+customFunction.m in Sources */,
			);
			runOnlyForDeploymentPostprocessing = 0;
		};
/* End PBXSourcesBuildPhase section */

/* Begin PBXVariantGroup section */
		ED1EC6F9216E67B800844010 /* Main.storyboard */ = {
			isa = PBXVariantGroup;
			children = (
				ED1EC6FA216E67B800844010 /* Base */,
			);
			name = Main.storyboard;
			sourceTree = "<group>";
		};
		ED1EC6FE216E67B800844010 /* LaunchScreen.storyboard */ = {
			isa = PBXVariantGroup;
			children = (
				ED1EC6FF216E67B800844010 /* Base */,
			);
			name = LaunchScreen.storyboard;
			sourceTree = "<group>";
		};
/* End PBXVariantGroup section */

/* Begin XCBuildConfiguration section */
		ED1EC704216E67B800844010 /* Debug */ = {
			isa = XCBuildConfiguration;
			buildSettings = {
				ALWAYS_SEARCH_USER_PATHS = NO;
				CLANG_ANALYZER_NONNULL = YES;
				CLANG_ANALYZER_NUMBER_OBJECT_CONVERSION = YES_AGGRESSIVE;
				CLANG_CXX_LANGUAGE_STANDARD = "gnu++14";
				CLANG_CXX_LIBRARY = "libc++";
				CLANG_ENABLE_MODULES = YES;
				CLANG_ENABLE_OBJC_ARC = YES;
				CLANG_WARN_BLOCK_CAPTURE_AUTORELEASING = YES;
				CLANG_WARN_BOOL_CONVERSION = YES;
				CLANG_WARN_COMMA = YES;
				CLANG_WARN_CONSTANT_CONVERSION = YES;
				CLANG_WARN_DIRECT_OBJC_ISA_USAGE = YES_ERROR;
				CLANG_WARN_DOCUMENTATION_COMMENTS = YES;
				CLANG_WARN_EMPTY_BODY = YES;
				CLANG_WARN_ENUM_CONVERSION = YES;
				CLANG_WARN_INFINITE_RECURSION = YES;
				CLANG_WARN_INT_CONVERSION = YES;
				CLANG_WARN_NON_LITERAL_NULL_CONVERSION = YES;
				CLANG_WARN_OBJC_LITERAL_CONVERSION = YES;
				CLANG_WARN_OBJC_ROOT_CLASS = YES_ERROR;
				CLANG_WARN_RANGE_LOOP_ANALYSIS = YES;
				CLANG_WARN_STRICT_PROTOTYPES = YES;
				CLANG_WARN_SUSPICIOUS_MOVE = YES;
				CLANG_WARN_UNGUARDED_AVAILABILITY = YES_AGGRESSIVE;
				CLANG_WARN_UNREACHABLE_CODE = YES;
				CLANG_WARN__DUPLICATE_METHOD_MATCH = YES;
				CODE_SIGN_IDENTITY = "iPhone Developer";
				COPY_PHASE_STRIP = NO;
				DEBUG_INFORMATION_FORMAT = dwarf;
				ENABLE_STRICT_OBJC_MSGSEND = YES;
				ENABLE_TESTABILITY = YES;
				GCC_C_LANGUAGE_STANDARD = gnu11;
				GCC_DYNAMIC_NO_PIC = NO;
				GCC_NO_COMMON_BLOCKS = YES;
				GCC_OPTIMIZATION_LEVEL = 0;
				GCC_PREPROCESSOR_DEFINITIONS = (
					"DEBUG=1",
					"$(inherited)",
				);
				GCC_WARN_64_TO_32_BIT_CONVERSION = YES;
				GCC_WARN_ABOUT_RETURN_TYPE = YES_ERROR;
				GCC_WARN_UNDECLARED_SELECTOR = YES;
				GCC_WARN_UNINITIALIZED_AUTOS = YES_AGGRESSIVE;
				GCC_WARN_UNUSED_FUNCTION = YES;
				GCC_WARN_UNUSED_VARIABLE = YES;
				IPHONEOS_DEPLOYMENT_TARGET = 11.2;
				MTL_ENABLE_DEBUG_INFO = YES;
				ONLY_ACTIVE_ARCH = YES;
				SDKROOT = iphoneos;
			};
			name = Debug;
		};
		ED1EC705216E67B800844010 /* Release */ = {
			isa = XCBuildConfiguration;
			buildSettings = {
				ALWAYS_SEARCH_USER_PATHS = NO;
				CLANG_ANALYZER_NONNULL = YES;
				CLANG_ANALYZER_NUMBER_OBJECT_CONVERSION = YES_AGGRESSIVE;
				CLANG_CXX_LANGUAGE_STANDARD = "gnu++14";
				CLANG_CXX_LIBRARY = "libc++";
				CLANG_ENABLE_MODULES = YES;
				CLANG_ENABLE_OBJC_ARC = YES;
				CLANG_WARN_BLOCK_CAPTURE_AUTORELEASING = YES;
				CLANG_WARN_BOOL_CONVERSION = YES;
				CLANG_WARN_COMMA = YES;
				CLANG_WARN_CONSTANT_CONVERSION = YES;
				CLANG_WARN_DIRECT_OBJC_ISA_USAGE = YES_ERROR;
				CLANG_WARN_DOCUMENTATION_COMMENTS = YES;
				CLANG_WARN_EMPTY_BODY = YES;
				CLANG_WARN_ENUM_CONVERSION = YES;
				CLANG_WARN_INFINITE_RECURSION = YES;
				CLANG_WARN_INT_CONVERSION = YES;
				CLANG_WARN_NON_LITERAL_NULL_CONVERSION = YES;
				CLANG_WARN_OBJC_LITERAL_CONVERSION = YES;
				CLANG_WARN_OBJC_ROOT_CLASS = YES_ERROR;
				CLANG_WARN_RANGE_LOOP_ANALYSIS = YES;
				CLANG_WARN_STRICT_PROTOTYPES = YES;
				CLANG_WARN_SUSPICIOUS_MOVE = YES;
				CLANG_WARN_UNGUARDED_AVAILABILITY = YES_AGGRESSIVE;
				CLANG_WARN_UNREACHABLE_CODE = YES;
				CLANG_WARN__DUPLICATE_METHOD_MATCH = YES;
				CODE_SIGN_IDENTITY = "iPhone Developer";
				COPY_PHASE_STRIP = NO;
				DEBUG_INFORMATION_FORMAT = "dwarf-with-dsym";
				ENABLE_NS_ASSERTIONS = NO;
				ENABLE_STRICT_OBJC_MSGSEND = YES;
				GCC_C_LANGUAGE_STANDARD = gnu11;
				GCC_NO_COMMON_BLOCKS = YES;
				GCC_WARN_64_TO_32_BIT_CONVERSION = YES;
				GCC_WARN_ABOUT_RETURN_TYPE = YES_ERROR;
				GCC_WARN_UNDECLARED_SELECTOR = YES;
				GCC_WARN_UNINITIALIZED_AUTOS = YES_AGGRESSIVE;
				GCC_WARN_UNUSED_FUNCTION = YES;
				GCC_WARN_UNUSED_VARIABLE = YES;
				IPHONEOS_DEPLOYMENT_TARGET = 11.2;
				MTL_ENABLE_DEBUG_INFO = NO;
				SDKROOT = iphoneos;
				VALIDATE_PRODUCT = YES;
			};
			name = Release;
		};
		ED1EC707216E67B800844010 /* Debug */ = {
			isa = XCBuildConfiguration;
			baseConfigurationReference = 0044C9916666FBAD50B41FAD /* Pods-SimpleCameraApp.debug.xcconfig */;
			buildSettings = {
				ASSETCATALOG_COMPILER_APPICON_NAME = AppIcon;
				CODE_SIGN_STYLE = Manual;
				DEVELOPMENT_TEAM = P9SBD3G89Q;
				INFOPLIST_FILE = SimpleCameraApp/Info.plist;
				LD_RUNPATH_SEARCH_PATHS = "$(inherited) @executable_path/Frameworks";
				PRODUCT_BUNDLE_IDENTIFIER = com.developer.HeartTest;
				PRODUCT_NAME = "$(TARGET_NAME)";
				PROVISIONING_PROFILE = "e543bfa2-814b-4af6-b71e-fe29ba35f038";
				PROVISIONING_PROFILE_SPECIFIER = AskYourHeart_Develop_Sept4;
				TARGETED_DEVICE_FAMILY = "1,2";
			};
			name = Debug;
		};
		ED1EC708216E67B800844010 /* Release */ = {
			isa = XCBuildConfiguration;
			baseConfigurationReference = C650E6BB2BFD5710D160CA8A /* Pods-SimpleCameraApp.release.xcconfig */;
			buildSettings = {
				ASSETCATALOG_COMPILER_APPICON_NAME = AppIcon;
				CODE_SIGN_STYLE = Manual;
				DEVELOPMENT_TEAM = P9SBD3G89Q;
				INFOPLIST_FILE = SimpleCameraApp/Info.plist;
				LD_RUNPATH_SEARCH_PATHS = "$(inherited) @executable_path/Frameworks";
				PRODUCT_BUNDLE_IDENTIFIER = com.developer.HeartTest;
				PRODUCT_NAME = "$(TARGET_NAME)";
				PROVISIONING_PROFILE = "e543bfa2-814b-4af6-b71e-fe29ba35f038";
				PROVISIONING_PROFILE_SPECIFIER = AskYourHeart_Develop_Sept4;
				TARGETED_DEVICE_FAMILY = "1,2";
			};
			name = Release;
		};
/* End XCBuildConfiguration section */

/* Begin XCConfigurationList section */
		ED1EC6EB216E67B700844010 /* Build configuration list for PBXProject "SimpleCameraApp" */ = {
			isa = XCConfigurationList;
			buildConfigurations = (
				ED1EC704216E67B800844010 /* Debug */,
				ED1EC705216E67B800844010 /* Release */,
			);
			defaultConfigurationIsVisible = 0;
			defaultConfigurationName = Release;
		};
		ED1EC706216E67B800844010 /* Build configuration list for PBXNativeTarget "SimpleCameraApp" */ = {
			isa = XCConfigurationList;
			buildConfigurations = (
				ED1EC707216E67B800844010 /* Debug */,
				ED1EC708216E67B800844010 /* Release */,
			);
			defaultConfigurationIsVisible = 0;
			defaultConfigurationName = Release;
		};
/* End XCConfigurationList section */
	};
	rootObject = ED1EC6E8216E67B700844010 /* Project object */;
}
